
Microsoft Visual Studio Solution File, Format Version 12.00
# Visual Studio Version 17
VisualStudioVersion = 17.10.35027.167
MinimumVisualStudioVersion = 10.0.40219.1
Project("{FAE04EC0-301F-11D3-BF4B-00C04F79EFBC}") = "Day1_Exec5", "Day1_Exec5\Day1_Exec5.csproj", "{B5B73C6C-4559-4166-8BA7-5A722C88F771}"
EndProject
Global
	GlobalSection(SolutionConfigurationPlatforms) = preSolution
		Debug|Any CPU = Debug|Any CPU
		Release|Any CPU = Release|Any CPU
	EndGlobalSection
	GlobalSection(ProjectConfigurationPlatforms) = postSolution
		{B5B73C6C-4559-4166-8BA7-5A722C88F771}.Debug|Any CPU.ActiveCfg = Debug|Any CPU
		{B5B73C6C-4559-4166-8BA7-5A722C88F771}.Debug|Any CPU.Build.0 = Debug|Any CPU
		{B5B73C6C-4559-4166-8BA7-5A722C88F771}.Release|Any CPU.ActiveCfg = Release|Any CPU
		{B5B73C6C-4559-4166-8BA7-5A722C88F771}.Release|Any CPU.Build.0 = Release|Any CPU
	EndGlobalSection
	GlobalSection(SolutionProperties) = preSolution
		HideSolutionNode = FALSE
	EndGlobalSection
	GlobalSection(ExtensibilityGlobals) = postSolution
		SolutionGuid = {839EB7C4-46CC-484F-8531-0E0557A9E4D9}
	EndGlobalSection
EndGlobal
