
Microsoft Visual Studio Solution File, Format Version 12.00
# Visual Studio Version 17
VisualStudioVersion = 17.10.35122.118
MinimumVisualStudioVersion = 10.0.40219.1
Project("{FAE04EC0-301F-11D3-BF4B-00C04F79EFBC}") = "Day5_LINQandObjects", "Day5_LINQandObjects\Day5_LINQandObjects.csproj", "{FCEC3C8B-3947-45C9-99E2-7030A7C4C563}"
EndProject
Global
	GlobalSection(SolutionConfigurationPlatforms) = preSolution
		Debug|Any CPU = Debug|Any CPU
		Release|Any CPU = Release|Any CPU
	EndGlobalSection
	GlobalSection(ProjectConfigurationPlatforms) = postSolution
		{FCEC3C8B-3947-45C9-99E2-7030A7C4C563}.Debug|Any CPU.ActiveCfg = Debug|Any CPU
		{FCEC3C8B-3947-45C9-99E2-7030A7C4C563}.Debug|Any CPU.Build.0 = Debug|Any CPU
		{FCEC3C8B-3947-45C9-99E2-7030A7C4C563}.Release|Any CPU.ActiveCfg = Release|Any CPU
		{FCEC3C8B-3947-45C9-99E2-7030A7C4C563}.Release|Any CPU.Build.0 = Release|Any CPU
	EndGlobalSection
	GlobalSection(SolutionProperties) = preSolution
		HideSolutionNode = FALSE
	EndGlobalSection
	GlobalSection(ExtensibilityGlobals) = postSolution
		SolutionGuid = {54199133-C105-47A8-A934-588DB300D71A}
	EndGlobalSection
EndGlobal
