
Microsoft Visual Studio Solution File, Format Version 12.00
# Visual Studio Version 17
VisualStudioVersion = 17.10.35122.118
MinimumVisualStudioVersion = 10.0.40219.1
Project("{FAE04EC0-301F-11D3-BF4B-00C04F79EFBC}") = "Day9_Cityinfo.API", "Day9_Cityinfo.API\Day9_Cityinfo.API.csproj", "{64CDF3E4-3A3E-47C3-9E62-0AD8487EA660}"
EndProject
Global
	GlobalSection(SolutionConfigurationPlatforms) = preSolution
		Debug|Any CPU = Debug|Any CPU
		Release|Any CPU = Release|Any CPU
	EndGlobalSection
	GlobalSection(ProjectConfigurationPlatforms) = postSolution
		{64CDF3E4-3A3E-47C3-9E62-0AD8487EA660}.Debug|Any CPU.ActiveCfg = Debug|Any CPU
		{64CDF3E4-3A3E-47C3-9E62-0AD8487EA660}.Debug|Any CPU.Build.0 = Debug|Any CPU
		{64CDF3E4-3A3E-47C3-9E62-0AD8487EA660}.Release|Any CPU.ActiveCfg = Release|Any CPU
		{64CDF3E4-3A3E-47C3-9E62-0AD8487EA660}.Release|Any CPU.Build.0 = Release|Any CPU
	EndGlobalSection
	GlobalSection(SolutionProperties) = preSolution
		HideSolutionNode = FALSE
	EndGlobalSection
	GlobalSection(ExtensibilityGlobals) = postSolution
		SolutionGuid = {795E8C10-C8CE-4185-A11F-0A62A32AB2D9}
	EndGlobalSection
EndGlobal
