
Microsoft Visual Studio Solution File, Format Version 12.00
# Visual Studio Version 17
VisualStudioVersion = 17.10.35027.167
MinimumVisualStudioVersion = 10.0.40219.1
Project("{FAE04EC0-301F-11D3-BF4B-00C04F79EFBC}") = "Day3_exec2", "Day3_exec2\Day3_exec2.csproj", "{912CA08A-1816-4F0D-8419-A4F7A246B3EC}"
EndProject
Global
	GlobalSection(SolutionConfigurationPlatforms) = preSolution
		Debug|Any CPU = Debug|Any CPU
		Release|Any CPU = Release|Any CPU
	EndGlobalSection
	GlobalSection(ProjectConfigurationPlatforms) = postSolution
		{912CA08A-1816-4F0D-8419-A4F7A246B3EC}.Debug|Any CPU.ActiveCfg = Debug|Any CPU
		{912CA08A-1816-4F0D-8419-A4F7A246B3EC}.Debug|Any CPU.Build.0 = Debug|Any CPU
		{912CA08A-1816-4F0D-8419-A4F7A246B3EC}.Release|Any CPU.ActiveCfg = Release|Any CPU
		{912CA08A-1816-4F0D-8419-A4F7A246B3EC}.Release|Any CPU.Build.0 = Release|Any CPU
	EndGlobalSection
	GlobalSection(SolutionProperties) = preSolution
		HideSolutionNode = FALSE
	EndGlobalSection
	GlobalSection(ExtensibilityGlobals) = postSolution
		SolutionGuid = {31F0223B-BADA-4D61-AE9D-F22A4381C69D}
	EndGlobalSection
EndGlobal
