
Microsoft Visual Studio Solution File, Format Version 12.00
# Visual Studio Version 17
VisualStudioVersion = 17.10.35122.118
MinimumVisualStudioVersion = 10.0.40219.1
Project("{FAE04EC0-301F-11D3-BF4B-00C04F79EFBC}") = "Day5_LINQandNumbers", "Day5_LINQandNumbers\Day5_LINQandNumbers.csproj", "{E6BA8796-9640-4FF1-A85B-AC45F3782BC1}"
EndProject
Global
	GlobalSection(SolutionConfigurationPlatforms) = preSolution
		Debug|Any CPU = Debug|Any CPU
		Release|Any CPU = Release|Any CPU
	EndGlobalSection
	GlobalSection(ProjectConfigurationPlatforms) = postSolution
		{E6BA8796-9640-4FF1-A85B-AC45F3782BC1}.Debug|Any CPU.ActiveCfg = Debug|Any CPU
		{E6BA8796-9640-4FF1-A85B-AC45F3782BC1}.Debug|Any CPU.Build.0 = Debug|Any CPU
		{E6BA8796-9640-4FF1-A85B-AC45F3782BC1}.Release|Any CPU.ActiveCfg = Release|Any CPU
		{E6BA8796-9640-4FF1-A85B-AC45F3782BC1}.Release|Any CPU.Build.0 = Release|Any CPU
	EndGlobalSection
	GlobalSection(SolutionProperties) = preSolution
		HideSolutionNode = FALSE
	EndGlobalSection
	GlobalSection(ExtensibilityGlobals) = postSolution
		SolutionGuid = {8D3CD375-C57A-4701-B1D4-D06E82186162}
	EndGlobalSection
EndGlobal
