
Microsoft Visual Studio Solution File, Format Version 12.00
# Visual Studio Version 17
VisualStudioVersion = 17.10.35122.118
MinimumVisualStudioVersion = 10.0.40219.1
Project("{FAE04EC0-301F-11D3-BF4B-00C04F79EFBC}") = "LocalGym", "LocalGym\LocalGym.csproj", "{F6632BC6-EB69-4420-A210-2D0B7CEF2CD1}"
EndProject
Global
	GlobalSection(SolutionConfigurationPlatforms) = preSolution
		Debug|Any CPU = Debug|Any CPU
		Release|Any CPU = Release|Any CPU
	EndGlobalSection
	GlobalSection(ProjectConfigurationPlatforms) = postSolution
		{F6632BC6-EB69-4420-A210-2D0B7CEF2CD1}.Debug|Any CPU.ActiveCfg = Debug|Any CPU
		{F6632BC6-EB69-4420-A210-2D0B7CEF2CD1}.Debug|Any CPU.Build.0 = Debug|Any CPU
		{F6632BC6-EB69-4420-A210-2D0B7CEF2CD1}.Release|Any CPU.ActiveCfg = Release|Any CPU
		{F6632BC6-EB69-4420-A210-2D0B7CEF2CD1}.Release|Any CPU.Build.0 = Release|Any CPU
	EndGlobalSection
	GlobalSection(SolutionProperties) = preSolution
		HideSolutionNode = FALSE
	EndGlobalSection
	GlobalSection(ExtensibilityGlobals) = postSolution
		SolutionGuid = {E3A7CEB7-D963-432C-84DC-46161A1E4559}
	EndGlobalSection
EndGlobal
