
Microsoft Visual Studio Solution File, Format Version 12.00
# Visual Studio Version 17
VisualStudioVersion = 17.10.35122.118
MinimumVisualStudioVersion = 10.0.40219.1
Project("{FAE04EC0-301F-11D3-BF4B-00C04F79EFBC}") = "Day5_LINQandStrings", "Day5_LINQandStrings\Day5_LINQandStrings.csproj", "{489A74EE-DFAE-417D-BFB5-D711F571AFA2}"
EndProject
Global
	GlobalSection(SolutionConfigurationPlatforms) = preSolution
		Debug|Any CPU = Debug|Any CPU
		Release|Any CPU = Release|Any CPU
	EndGlobalSection
	GlobalSection(ProjectConfigurationPlatforms) = postSolution
		{489A74EE-DFAE-417D-BFB5-D711F571AFA2}.Debug|Any CPU.ActiveCfg = Debug|Any CPU
		{489A74EE-DFAE-417D-BFB5-D711F571AFA2}.Debug|Any CPU.Build.0 = Debug|Any CPU
		{489A74EE-DFAE-417D-BFB5-D711F571AFA2}.Release|Any CPU.ActiveCfg = Release|Any CPU
		{489A74EE-DFAE-417D-BFB5-D711F571AFA2}.Release|Any CPU.Build.0 = Release|Any CPU
	EndGlobalSection
	GlobalSection(SolutionProperties) = preSolution
		HideSolutionNode = FALSE
	EndGlobalSection
	GlobalSection(ExtensibilityGlobals) = postSolution
		SolutionGuid = {1DDB1B92-B4F0-4119-A123-7EABA7AB7597}
	EndGlobalSection
EndGlobal
