
Microsoft Visual Studio Solution File, Format Version 12.00
# Visual Studio Version 17
VisualStudioVersion = 17.10.35027.167
MinimumVisualStudioVersion = 10.0.40219.1
Project("{FAE04EC0-301F-11D3-BF4B-00C04F79EFBC}") = "Csharp_exe", "Csharp_exe\Csharp_exe.csproj", "{8EBF5C21-4C7B-4F7D-8C85-251431577C8D}"
EndProject
Global
	GlobalSection(SolutionConfigurationPlatforms) = preSolution
		Debug|Any CPU = Debug|Any CPU
		Release|Any CPU = Release|Any CPU
	EndGlobalSection
	GlobalSection(ProjectConfigurationPlatforms) = postSolution
		{8EBF5C21-4C7B-4F7D-8C85-251431577C8D}.Debug|Any CPU.ActiveCfg = Debug|Any CPU
		{8EBF5C21-4C7B-4F7D-8C85-251431577C8D}.Debug|Any CPU.Build.0 = Debug|Any CPU
		{8EBF5C21-4C7B-4F7D-8C85-251431577C8D}.Release|Any CPU.ActiveCfg = Release|Any CPU
		{8EBF5C21-4C7B-4F7D-8C85-251431577C8D}.Release|Any CPU.Build.0 = Release|Any CPU
	EndGlobalSection
	GlobalSection(SolutionProperties) = preSolution
		HideSolutionNode = FALSE
	EndGlobalSection
	GlobalSection(ExtensibilityGlobals) = postSolution
		SolutionGuid = {186716B4-0D55-436B-AE81-4D70FE1F1D2F}
	EndGlobalSection
EndGlobal
